// !$*UTF8*$!
{
	archiveVersion = 1;
	classes = {
	};
	objectVersion = 56;
	objects = {

/* Begin PBXBuildFile section */
		FA0078B72BE24589002FEB2B /* AppDelegate.swift in Sources */ = {isa = PBXBuildFile; fileRef = FA0078B62BE24589002FEB2B /* AppDelegate.swift */; };
		FA0078B92BE24589002FEB2B /* SceneDelegate.swift in Sources */ = {isa = PBXBuildFile; fileRef = FA0078B82BE24589002FEB2B /* SceneDelegate.swift */; };
		FA0078BB2BE24589002FEB2B /* CharacterListViewController.swift in Sources */ = {isa = PBXBuildFile; fileRef = FA0078BA2BE24589002FEB2B /* CharacterListViewController.swift */; };
		FA0078C02BE2458A002FEB2B /* Assets.xcassets in Resources */ = {isa = PBXBuildFile; fileRef = FA0078BF2BE2458A002FEB2B /* Assets.xcassets */; };
		FA0078C32BE2458A002FEB2B /* Base in Resources */ = {isa = PBXBuildFile; fileRef = FA0078C22BE2458A002FEB2B /* Base */; };
		FA0078D12BE24A1A002FEB2B /* SceneDelegateTests.swift in Sources */ = {isa = PBXBuildFile; fileRef = FA0078D02BE24A1A002FEB2B /* SceneDelegateTests.swift */; };
		FA0078DF2BE25751002FEB2B /* XCTestCase+trackForMemoryLeaks.swift in Sources */ = {isa = PBXBuildFile; fileRef = FA0078DE2BE25751002FEB2B /* XCTestCase+trackForMemoryLeaks.swift */; };
		FA0078E32BE259BA002FEB2B /* CharacterListViewControllerTests.swift in Sources */ = {isa = PBXBuildFile; fileRef = FA0078E22BE259BA002FEB2B /* CharacterListViewControllerTests.swift */; };
/* End PBXBuildFile section */

/* Begin PBXContainerItemProxy section */
		FA0078D22BE24A1A002FEB2B /* PBXContainerItemProxy */ = {
			isa = PBXContainerItemProxy;
			containerPortal = FA0078AB2BE24589002FEB2B /* Project object */;
			proxyType = 1;
			remoteGlobalIDString = FA0078B22BE24589002FEB2B;
			remoteInfo = DashDevsAssignment;
		};
/* End PBXContainerItemProxy section */

/* Begin PBXFileReference section */
		FA0078B32BE24589002FEB2B /* DashDevsAssignment.app */ = {isa = PBXFileReference; explicitFileType = wrapper.application; includeInIndex = 0; path = DashDevsAssignment.app; sourceTree = BUILT_PRODUCTS_DIR; };
		FA0078B62BE24589002FEB2B /* AppDelegate.swift */ = {isa = PBXFileReference; lastKnownFileType = sourcecode.swift; path = AppDelegate.swift; sourceTree = "<group>"; };
		FA0078B82BE24589002FEB2B /* SceneDelegate.swift */ = {isa = PBXFileReference; lastKnownFileType = sourcecode.swift; path = SceneDelegate.swift; sourceTree = "<group>"; };
		FA0078BA2BE24589002FEB2B /* CharacterListViewController.swift */ = {isa = PBXFileReference; lastKnownFileType = sourcecode.swift; path = CharacterListViewController.swift; sourceTree = "<group>"; };
		FA0078BF2BE2458A002FEB2B /* Assets.xcassets */ = {isa = PBXFileReference; lastKnownFileType = folder.assetcatalog; path = Assets.xcassets; sourceTree = "<group>"; };
		FA0078C22BE2458A002FEB2B /* Base */ = {isa = PBXFileReference; lastKnownFileType = file.storyboard; name = Base; path = Base.lproj/LaunchScreen.storyboard; sourceTree = "<group>"; };
		FA0078C42BE2458A002FEB2B /* Info.plist */ = {isa = PBXFileReference; lastKnownFileType = text.plist.xml; path = Info.plist; sourceTree = "<group>"; };
		FA0078CE2BE24A1A002FEB2B /* DashDevsAssignmentTests.xctest */ = {isa = PBXFileReference; explicitFileType = wrapper.cfbundle; includeInIndex = 0; path = DashDevsAssignmentTests.xctest; sourceTree = BUILT_PRODUCTS_DIR; };
		FA0078D02BE24A1A002FEB2B /* SceneDelegateTests.swift */ = {isa = PBXFileReference; lastKnownFileType = sourcecode.swift; path = SceneDelegateTests.swift; sourceTree = "<group>"; };
		FA0078DC2BE25212002FEB2B /* DashDevsAssignment.xctestplan */ = {isa = PBXFileReference; lastKnownFileType = text; path = DashDevsAssignment.xctestplan; sourceTree = "<group>"; };
		FA0078DE2BE25751002FEB2B /* XCTestCase+trackForMemoryLeaks.swift */ = {isa = PBXFileReference; lastKnownFileType = sourcecode.swift; path = "XCTestCase+trackForMemoryLeaks.swift"; sourceTree = "<group>"; };
		FA0078E22BE259BA002FEB2B /* CharacterListViewControllerTests.swift */ = {isa = PBXFileReference; lastKnownFileType = sourcecode.swift; path = CharacterListViewControllerTests.swift; sourceTree = "<group>"; };
/* End PBXFileReference section */

/* Begin PBXFrameworksBuildPhase section */
		FA0078B02BE24589002FEB2B /* Frameworks */ = {
			isa = PBXFrameworksBuildPhase;
			buildActionMask = 2147483647;
			files = (
			);
			runOnlyForDeploymentPostprocessing = 0;
		};
		FA0078CB2BE24A1A002FEB2B /* Frameworks */ = {
			isa = PBXFrameworksBuildPhase;
			buildActionMask = 2147483647;
			files = (
			);
			runOnlyForDeploymentPostprocessing = 0;
		};
/* End PBXFrameworksBuildPhase section */

/* Begin PBXGroup section */
		FA0078AA2BE24589002FEB2B = {
			isa = PBXGroup;
			children = (
				FA0078B52BE24589002FEB2B /* DashDevsAssignment */,
				FA0078CF2BE24A1A002FEB2B /* DashDevsAssignmentTests */,
				FA0078B42BE24589002FEB2B /* Products */,
			);
			sourceTree = "<group>";
		};
		FA0078B42BE24589002FEB2B /* Products */ = {
			isa = PBXGroup;
			children = (
				FA0078B32BE24589002FEB2B /* DashDevsAssignment.app */,
				FA0078CE2BE24A1A002FEB2B /* DashDevsAssignmentTests.xctest */,
			);
			name = Products;
			sourceTree = "<group>";
		};
		FA0078B52BE24589002FEB2B /* DashDevsAssignment */ = {
			isa = PBXGroup;
			children = (
				FA0078C42BE2458A002FEB2B /* Info.plist */,
				FA0078B62BE24589002FEB2B /* AppDelegate.swift */,
				FA0078B82BE24589002FEB2B /* SceneDelegate.swift */,
				FA0078DA2BE250F3002FEB2B /* Character List */,
				FA0078D72BE24B69002FEB2B /* Supporting Files */,
			);
			path = DashDevsAssignment;
			sourceTree = "<group>";
		};
		FA0078CF2BE24A1A002FEB2B /* DashDevsAssignmentTests */ = {
			isa = PBXGroup;
			children = (
				FA0078D02BE24A1A002FEB2B /* SceneDelegateTests.swift */,
				FA0078DC2BE25212002FEB2B /* DashDevsAssignment.xctestplan */,
				FA0078E02BE259A8002FEB2B /* Character List */,
				FA0078DD2BE25744002FEB2B /* Shared */,
			);
			path = DashDevsAssignmentTests;
			sourceTree = "<group>";
		};
		FA0078D72BE24B69002FEB2B /* Supporting Files */ = {
			isa = PBXGroup;
			children = (
				FA0078BF2BE2458A002FEB2B /* Assets.xcassets */,
				FA0078C12BE2458A002FEB2B /* LaunchScreen.storyboard */,
			);
			path = "Supporting Files";
			sourceTree = "<group>";
		};
		FA0078DA2BE250F3002FEB2B /* Character List */ = {
			isa = PBXGroup;
			children = (
				FA0078DB2BE250FD002FEB2B /* Presentation */,
			);
			path = "Character List";
			sourceTree = "<group>";
		};
		FA0078DB2BE250FD002FEB2B /* Presentation */ = {
			isa = PBXGroup;
			children = (
				FA0078BA2BE24589002FEB2B /* CharacterListViewController.swift */,
			);
			path = Presentation;
			sourceTree = "<group>";
		};
		FA0078DD2BE25744002FEB2B /* Shared */ = {
			isa = PBXGroup;
			children = (
				FA0078DE2BE25751002FEB2B /* XCTestCase+trackForMemoryLeaks.swift */,
			);
			path = Shared;
			sourceTree = "<group>";
		};
		FA0078E02BE259A8002FEB2B /* Character List */ = {
			isa = PBXGroup;
			children = (
				FA0078E12BE259B0002FEB2B /* Presentation */,
			);
			path = "Character List";
			sourceTree = "<group>";
		};
		FA0078E12BE259B0002FEB2B /* Presentation */ = {
			isa = PBXGroup;
			children = (
				FA0078E22BE259BA002FEB2B /* CharacterListViewControllerTests.swift */,
			);
			path = Presentation;
			sourceTree = "<group>";
		};
/* End PBXGroup section */

/* Begin PBXNativeTarget section */
		FA0078B22BE24589002FEB2B /* DashDevsAssignment */ = {
			isa = PBXNativeTarget;
			buildConfigurationList = FA0078C72BE2458A002FEB2B /* Build configuration list for PBXNativeTarget "DashDevsAssignment" */;
			buildPhases = (
				FA0078AF2BE24589002FEB2B /* Sources */,
				FA0078B02BE24589002FEB2B /* Frameworks */,
				FA0078B12BE24589002FEB2B /* Resources */,
			);
			buildRules = (
			);
			dependencies = (
			);
			name = DashDevsAssignment;
			productName = DashDevsAssignment;
			productReference = FA0078B32BE24589002FEB2B /* DashDevsAssignment.app */;
			productType = "com.apple.product-type.application";
		};
		FA0078CD2BE24A1A002FEB2B /* DashDevsAssignmentTests */ = {
			isa = PBXNativeTarget;
			buildConfigurationList = FA0078D42BE24A1A002FEB2B /* Build configuration list for PBXNativeTarget "DashDevsAssignmentTests" */;
			buildPhases = (
				FA0078CA2BE24A1A002FEB2B /* Sources */,
				FA0078CB2BE24A1A002FEB2B /* Frameworks */,
				FA0078CC2BE24A1A002FEB2B /* Resources */,
			);
			buildRules = (
			);
			dependencies = (
				FA0078D32BE24A1A002FEB2B /* PBXTargetDependency */,
			);
			name = DashDevsAssignmentTests;
			productName = DashDevsAssignmentTests;
			productReference = FA0078CE2BE24A1A002FEB2B /* DashDevsAssignmentTests.xctest */;
			productType = "com.apple.product-type.bundle.unit-test";
		};
/* End PBXNativeTarget section */

/* Begin PBXProject section */
		FA0078AB2BE24589002FEB2B /* Project object */ = {
			isa = PBXProject;
			attributes = {
				BuildIndependentTargetsInParallel = 1;
				LastSwiftUpdateCheck = 1530;
				LastUpgradeCheck = 1530;
				TargetAttributes = {
					FA0078B22BE24589002FEB2B = {
						CreatedOnToolsVersion = 15.3;
					};
					FA0078CD2BE24A1A002FEB2B = {
						CreatedOnToolsVersion = 15.3;
						TestTargetID = FA0078B22BE24589002FEB2B;
					};
				};
			};
			buildConfigurationList = FA0078AE2BE24589002FEB2B /* Build configuration list for PBXProject "DashDevsAssignment" */;
			compatibilityVersion = "Xcode 14.0";
			developmentRegion = en;
			hasScannedForEncodings = 0;
			knownRegions = (
				en,
				Base,
			);
			mainGroup = FA0078AA2BE24589002FEB2B;
			productRefGroup = FA0078B42BE24589002FEB2B /* Products */;
			projectDirPath = "";
			projectRoot = "";
			targets = (
				FA0078B22BE24589002FEB2B /* DashDevsAssignment */,
				FA0078CD2BE24A1A002FEB2B /* DashDevsAssignmentTests */,
			);
		};
/* End PBXProject section */

/* Begin PBXResourcesBuildPhase section */
		FA0078B12BE24589002FEB2B /* Resources */ = {
			isa = PBXResourcesBuildPhase;
			buildActionMask = 2147483647;
			files = (
				FA0078C02BE2458A002FEB2B /* Assets.xcassets in Resources */,
				FA0078C32BE2458A002FEB2B /* Base in Resources */,
			);
			runOnlyForDeploymentPostprocessing = 0;
		};
		FA0078CC2BE24A1A002FEB2B /* Resources */ = {
			isa = PBXResourcesBuildPhase;
			buildActionMask = 2147483647;
			files = (
			);
			runOnlyForDeploymentPostprocessing = 0;
		};
/* End PBXResourcesBuildPhase section */

/* Begin PBXSourcesBuildPhase section */
		FA0078AF2BE24589002FEB2B /* Sources */ = {
			isa = PBXSourcesBuildPhase;
			buildActionMask = 2147483647;
			files = (
				FA0078BB2BE24589002FEB2B /* CharacterListViewController.swift in Sources */,
				FA0078B72BE24589002FEB2B /* AppDelegate.swift in Sources */,
				FA0078B92BE24589002FEB2B /* SceneDelegate.swift in Sources */,
			);
			runOnlyForDeploymentPostprocessing = 0;
		};
		FA0078CA2BE24A1A002FEB2B /* Sources */ = {
			isa = PBXSourcesBuildPhase;
			buildActionMask = 2147483647;
			files = (
				FA0078DF2BE25751002FEB2B /* XCTestCase+trackForMemoryLeaks.swift in Sources */,
				FA0078E32BE259BA002FEB2B /* CharacterListViewControllerTests.swift in Sources */,
				FA0078D12BE24A1A002FEB2B /* SceneDelegateTests.swift in Sources */,
			);
			runOnlyForDeploymentPostprocessing = 0;
		};
/* End PBXSourcesBuildPhase section */

/* Begin PBXTargetDependency section */
		FA0078D32BE24A1A002FEB2B /* PBXTargetDependency */ = {
			isa = PBXTargetDependency;
			target = FA0078B22BE24589002FEB2B /* DashDevsAssignment */;
			targetProxy = FA0078D22BE24A1A002FEB2B /* PBXContainerItemProxy */;
		};
/* End PBXTargetDependency section */

/* Begin PBXVariantGroup section */
		FA0078C12BE2458A002FEB2B /* LaunchScreen.storyboard */ = {
			isa = PBXVariantGroup;
			children = (
				FA0078C22BE2458A002FEB2B /* Base */,
			);
			name = LaunchScreen.storyboard;
			sourceTree = "<group>";
		};
/* End PBXVariantGroup section */

/* Begin XCBuildConfiguration section */
		FA0078C52BE2458A002FEB2B /* Debug */ = {
			isa = XCBuildConfiguration;
			buildSettings = {
				ALWAYS_SEARCH_USER_PATHS = NO;
				ASSETCATALOG_COMPILER_GENERATE_SWIFT_ASSET_SYMBOL_EXTENSIONS = YES;
				CLANG_ANALYZER_NONNULL = YES;
				CLANG_ANALYZER_NUMBER_OBJECT_CONVERSION = YES_AGGRESSIVE;
				CLANG_CXX_LANGUAGE_STANDARD = "gnu++20";
				CLANG_ENABLE_MODULES = YES;
				CLANG_ENABLE_OBJC_ARC = YES;
				CLANG_ENABLE_OBJC_WEAK = YES;
				CLANG_WARN_BLOCK_CAPTURE_AUTORELEASING = YES;
				CLANG_WARN_BOOL_CONVERSION = YES;
				CLANG_WARN_COMMA = YES;
				CLANG_WARN_CONSTANT_CONVERSION = YES;
				CLANG_WARN_DEPRECATED_OBJC_IMPLEMENTATIONS = YES;
				CLANG_WARN_DIRECT_OBJC_ISA_USAGE = YES_ERROR;
				CLANG_WARN_DOCUMENTATION_COMMENTS = YES;
				CLANG_WARN_EMPTY_BODY = YES;
				CLANG_WARN_ENUM_CONVERSION = YES;
				CLANG_WARN_INFINITE_RECURSION = YES;
				CLANG_WARN_INT_CONVERSION = YES;
				CLANG_WARN_NON_LITERAL_NULL_CONVERSION = YES;
				CLANG_WARN_OBJC_IMPLICIT_RETAIN_SELF = YES;
				CLANG_WARN_OBJC_LITERAL_CONVERSION = YES;
				CLANG_WARN_OBJC_ROOT_CLASS = YES_ERROR;
				CLANG_WARN_QUOTED_INCLUDE_IN_FRAMEWORK_HEADER = YES;
				CLANG_WARN_RANGE_LOOP_ANALYSIS = YES;
				CLANG_WARN_STRICT_PROTOTYPES = YES;
				CLANG_WARN_SUSPICIOUS_MOVE = YES;
				CLANG_WARN_UNGUARDED_AVAILABILITY = YES_AGGRESSIVE;
				CLANG_WARN_UNREACHABLE_CODE = YES;
				CLANG_WARN__DUPLICATE_METHOD_MATCH = YES;
				COPY_PHASE_STRIP = NO;
				DEBUG_INFORMATION_FORMAT = dwarf;
				ENABLE_STRICT_OBJC_MSGSEND = YES;
				ENABLE_TESTABILITY = YES;
				ENABLE_USER_SCRIPT_SANDBOXING = YES;
				GCC_C_LANGUAGE_STANDARD = gnu17;
				GCC_DYNAMIC_NO_PIC = NO;
				GCC_NO_COMMON_BLOCKS = YES;
				GCC_OPTIMIZATION_LEVEL = 0;
				GCC_PREPROCESSOR_DEFINITIONS = (
					"DEBUG=1",
					"$(inherited)",
				);
				GCC_WARN_64_TO_32_BIT_CONVERSION = YES;
				GCC_WARN_ABOUT_RETURN_TYPE = YES_ERROR;
				GCC_WARN_UNDECLARED_SELECTOR = YES;
				GCC_WARN_UNINITIALIZED_AUTOS = YES_AGGRESSIVE;
				GCC_WARN_UNUSED_FUNCTION = YES;
				GCC_WARN_UNUSED_VARIABLE = YES;
				IPHONEOS_DEPLOYMENT_TARGET = 17.4;
				LOCALIZATION_PREFERS_STRING_CATALOGS = YES;
				MTL_ENABLE_DEBUG_INFO = INCLUDE_SOURCE;
				MTL_FAST_MATH = YES;
				ONLY_ACTIVE_ARCH = YES;
				SDKROOT = iphoneos;
				SWIFT_ACTIVE_COMPILATION_CONDITIONS = "DEBUG $(inherited)";
				SWIFT_OPTIMIZATION_LEVEL = "-Onone";
			};
			name = Debug;
		};
		FA0078C62BE2458A002FEB2B /* Release */ = {
			isa = XCBuildConfiguration;
			buildSettings = {
				ALWAYS_SEARCH_USER_PATHS = NO;
				ASSETCATALOG_COMPILER_GENERATE_SWIFT_ASSET_SYMBOL_EXTENSIONS = YES;
				CLANG_ANALYZER_NONNULL = YES;
				CLANG_ANALYZER_NUMBER_OBJECT_CONVERSION = YES_AGGRESSIVE;
				CLANG_CXX_LANGUAGE_STANDARD = "gnu++20";
				CLANG_ENABLE_MODULES = YES;
				CLANG_ENABLE_OBJC_ARC = YES;
				CLANG_ENABLE_OBJC_WEAK = YES;
				CLANG_WARN_BLOCK_CAPTURE_AUTORELEASING = YES;
				CLANG_WARN_BOOL_CONVERSION = YES;
				CLANG_WARN_COMMA = YES;
				CLANG_WARN_CONSTANT_CONVERSION = YES;
				CLANG_WARN_DEPRECATED_OBJC_IMPLEMENTATIONS = YES;
				CLANG_WARN_DIRECT_OBJC_ISA_USAGE = YES_ERROR;
				CLANG_WARN_DOCUMENTATION_COMMENTS = YES;
				CLANG_WARN_EMPTY_BODY = YES;
				CLANG_WARN_ENUM_CONVERSION = YES;
				CLANG_WARN_INFINITE_RECURSION = YES;
				CLANG_WARN_INT_CONVERSION = YES;
				CLANG_WARN_NON_LITERAL_NULL_CONVERSION = YES;
				CLANG_WARN_OBJC_IMPLICIT_RETAIN_SELF = YES;
				CLANG_WARN_OBJC_LITERAL_CONVERSION = YES;
				CLANG_WARN_OBJC_ROOT_CLASS = YES_ERROR;
				CLANG_WARN_QUOTED_INCLUDE_IN_FRAMEWORK_HEADER = YES;
				CLANG_WARN_RANGE_LOOP_ANALYSIS = YES;
				CLANG_WARN_STRICT_PROTOTYPES = YES;
				CLANG_WARN_SUSPICIOUS_MOVE = YES;
				CLANG_WARN_UNGUARDED_AVAILABILITY = YES_AGGRESSIVE;
				CLANG_WARN_UNREACHABLE_CODE = YES;
				CLANG_WARN__DUPLICATE_METHOD_MATCH = YES;
				COPY_PHASE_STRIP = NO;
				DEBUG_INFORMATION_FORMAT = "dwarf-with-dsym";
				ENABLE_NS_ASSERTIONS = NO;
				ENABLE_STRICT_OBJC_MSGSEND = YES;
				ENABLE_USER_SCRIPT_SANDBOXING = YES;
				GCC_C_LANGUAGE_STANDARD = gnu17;
				GCC_NO_COMMON_BLOCKS = YES;
				GCC_WARN_64_TO_32_BIT_CONVERSION = YES;
				GCC_WARN_ABOUT_RETURN_TYPE = YES_ERROR;
				GCC_WARN_UNDECLARED_SELECTOR = YES;
				GCC_WARN_UNINITIALIZED_AUTOS = YES_AGGRESSIVE;
				GCC_WARN_UNUSED_FUNCTION = YES;
				GCC_WARN_UNUSED_VARIABLE = YES;
				IPHONEOS_DEPLOYMENT_TARGET = 17.4;
				LOCALIZATION_PREFERS_STRING_CATALOGS = YES;
				MTL_ENABLE_DEBUG_INFO = NO;
				MTL_FAST_MATH = YES;
				SDKROOT = iphoneos;
				SWIFT_COMPILATION_MODE = wholemodule;
				VALIDATE_PRODUCT = YES;
			};
			name = Release;
		};
		FA0078C82BE2458A002FEB2B /* Debug */ = {
			isa = XCBuildConfiguration;
			buildSettings = {
				ASSETCATALOG_COMPILER_APPICON_NAME = AppIcon;
				ASSETCATALOG_COMPILER_GLOBAL_ACCENT_COLOR_NAME = AccentColor;
				CODE_SIGN_STYLE = Automatic;
				CURRENT_PROJECT_VERSION = 1;
				DEVELOPMENT_TEAM = RY7J7JNFL2;
				GENERATE_INFOPLIST_FILE = YES;
				INFOPLIST_FILE = DashDevsAssignment/Info.plist;
				INFOPLIST_KEY_UIApplicationSupportsIndirectInputEvents = YES;
				INFOPLIST_KEY_UILaunchStoryboardName = LaunchScreen;
				INFOPLIST_KEY_UISupportedInterfaceOrientations_iPad = "UIInterfaceOrientationPortrait UIInterfaceOrientationPortraitUpsideDown UIInterfaceOrientationLandscapeLeft UIInterfaceOrientationLandscapeRight";
				INFOPLIST_KEY_UISupportedInterfaceOrientations_iPhone = "UIInterfaceOrientationPortrait UIInterfaceOrientationLandscapeLeft UIInterfaceOrientationLandscapeRight";
				IPHONEOS_DEPLOYMENT_TARGET = 17.4;
				LD_RUNPATH_SEARCH_PATHS = (
					"$(inherited)",
					"@executable_path/Frameworks",
				);
				MARKETING_VERSION = 1.0;
				PRODUCT_BUNDLE_IDENTIFIER = "com.vitalii-ivashchenko.DashDevsAssignment";
				PRODUCT_NAME = "$(TARGET_NAME)";
				SWIFT_EMIT_LOC_STRINGS = YES;
				SWIFT_VERSION = 5.0;
				TARGETED_DEVICE_FAMILY = "1,2";
			};
			name = Debug;
		};
		FA0078C92BE2458A002FEB2B /* Release */ = {
			isa = XCBuildConfiguration;
			buildSettings = {
				ASSETCATALOG_COMPILER_APPICON_NAME = AppIcon;
				ASSETCATALOG_COMPILER_GLOBAL_ACCENT_COLOR_NAME = AccentColor;
				CODE_SIGN_STYLE = Automatic;
				CURRENT_PROJECT_VERSION = 1;
				DEVELOPMENT_TEAM = RY7J7JNFL2;
				GENERATE_INFOPLIST_FILE = YES;
				INFOPLIST_FILE = DashDevsAssignment/Info.plist;
				INFOPLIST_KEY_UIApplicationSupportsIndirectInputEvents = YES;
				INFOPLIST_KEY_UILaunchStoryboardName = LaunchScreen;
				INFOPLIST_KEY_UISupportedInterfaceOrientations_iPad = "UIInterfaceOrientationPortrait UIInterfaceOrientationPortraitUpsideDown UIInterfaceOrientationLandscapeLeft UIInterfaceOrientationLandscapeRight";
				INFOPLIST_KEY_UISupportedInterfaceOrientations_iPhone = "UIInterfaceOrientationPortrait UIInterfaceOrientationLandscapeLeft UIInterfaceOrientationLandscapeRight";
				IPHONEOS_DEPLOYMENT_TARGET = 17.4;
				LD_RUNPATH_SEARCH_PATHS = (
					"$(inherited)",
					"@executable_path/Frameworks",
				);
				MARKETING_VERSION = 1.0;
				PRODUCT_BUNDLE_IDENTIFIER = "com.vitalii-ivashchenko.DashDevsAssignment";
				PRODUCT_NAME = "$(TARGET_NAME)";
				SWIFT_EMIT_LOC_STRINGS = YES;
				SWIFT_VERSION = 5.0;
				TARGETED_DEVICE_FAMILY = "1,2";
			};
			name = Release;
		};
		FA0078D52BE24A1A002FEB2B /* Debug */ = {
			isa = XCBuildConfiguration;
			buildSettings = {
				BUNDLE_LOADER = "$(TEST_HOST)";
				CODE_SIGN_STYLE = Automatic;
				CURRENT_PROJECT_VERSION = 1;
				DEVELOPMENT_TEAM = RY7J7JNFL2;
				GENERATE_INFOPLIST_FILE = YES;
				MARKETING_VERSION = 1.0;
				PRODUCT_BUNDLE_IDENTIFIER = "com.vitalii-ivashchenko.DashDevsAssignmentTests";
				PRODUCT_NAME = "$(TARGET_NAME)";
				SWIFT_EMIT_LOC_STRINGS = NO;
				SWIFT_VERSION = 5.0;
				TARGETED_DEVICE_FAMILY = "1,2";
				TEST_HOST = "$(BUILT_PRODUCTS_DIR)/DashDevsAssignment.app/$(BUNDLE_EXECUTABLE_FOLDER_PATH)/DashDevsAssignment";
			};
			name = Debug;
		};
		FA0078D62BE24A1A002FEB2B /* Release */ = {
			isa = XCBuildConfiguration;
			buildSettings = {
				BUNDLE_LOADER = "$(TEST_HOST)";
				CODE_SIGN_STYLE = Automatic;
				CURRENT_PROJECT_VERSION = 1;
				DEVELOPMENT_TEAM = RY7J7JNFL2;
				GENERATE_INFOPLIST_FILE = YES;
				MARKETING_VERSION = 1.0;
				PRODUCT_BUNDLE_IDENTIFIER = "com.vitalii-ivashchenko.DashDevsAssignmentTests";
				PRODUCT_NAME = "$(TARGET_NAME)";
				SWIFT_EMIT_LOC_STRINGS = NO;
				SWIFT_VERSION = 5.0;
				TARGETED_DEVICE_FAMILY = "1,2";
				TEST_HOST = "$(BUILT_PRODUCTS_DIR)/DashDevsAssignment.app/$(BUNDLE_EXECUTABLE_FOLDER_PATH)/DashDevsAssignment";
			};
			name = Release;
		};
/* End XCBuildConfiguration section */

/* Begin XCConfigurationList section */
		FA0078AE2BE24589002FEB2B /* Build configuration list for PBXProject "DashDevsAssignment" */ = {
			isa = XCConfigurationList;
			buildConfigurations = (
				FA0078C52BE2458A002FEB2B /* Debug */,
				FA0078C62BE2458A002FEB2B /* Release */,
			);
			defaultConfigurationIsVisible = 0;
			defaultConfigurationName = Release;
		};
		FA0078C72BE2458A002FEB2B /* Build configuration list for PBXNativeTarget "DashDevsAssignment" */ = {
			isa = XCConfigurationList;
			buildConfigurations = (
				FA0078C82BE2458A002FEB2B /* Debug */,
				FA0078C92BE2458A002FEB2B /* Release */,
			);
			defaultConfigurationIsVisible = 0;
			defaultConfigurationName = Release;
		};
		FA0078D42BE24A1A002FEB2B /* Build configuration list for PBXNativeTarget "DashDevsAssignmentTests" */ = {
			isa = XCConfigurationList;
			buildConfigurations = (
				FA0078D52BE24A1A002FEB2B /* Debug */,
				FA0078D62BE24A1A002FEB2B /* Release */,
			);
			defaultConfigurationIsVisible = 0;
			defaultConfigurationName = Release;
		};
/* End XCConfigurationList section */
	};
	rootObject = FA0078AB2BE24589002FEB2B /* Project object */;
}
